
Microsoft Visual Studio Solution File, Format Version 12.00
# Visual Studio Version 16
VisualStudioVersion = 16.0.31624.102
MinimumVisualStudioVersion = 10.0.40219.1
Project("{9A19103F-16F7-4668-BE54-9A1E7A4F7556}") = "WordFinderWPF", "WordFinderWPF\WordFinderWPF.csproj", "{4768A68D-9867-4D1E-8B28-49137A4D14A2}"
EndProject
Global
	GlobalSection(SolutionConfigurationPlatforms) = preSolution
		Debug|Any CPU = Debug|Any CPU
		Release|Any CPU = Release|Any CPU
	EndGlobalSection
	GlobalSection(ProjectConfigurationPlatforms) = postSolution
		{4768A68D-9867-4D1E-8B28-49137A4D14A2}.Debug|Any CPU.ActiveCfg = Debug|Any CPU
		{4768A68D-9867-4D1E-8B28-49137A4D14A2}.Debug|Any CPU.Build.0 = Debug|Any CPU
		{4768A68D-9867-4D1E-8B28-49137A4D14A2}.Release|Any CPU.ActiveCfg = Release|Any CPU
		{4768A68D-9867-4D1E-8B28-49137A4D14A2}.Release|Any CPU.Build.0 = Release|Any CPU
	EndGlobalSection
	GlobalSection(SolutionProperties) = preSolution
		HideSolutionNode = FALSE
	EndGlobalSection
	GlobalSection(ExtensibilityGlobals) = postSolution
		SolutionGuid = {131A2140-7A7A-44ED-8D56-7171A1EE1D33}
	EndGlobalSection
EndGlobal
